<?xml version="1.0" encoding="utf-8"?>
<Project ToolsVersion="4.0" xmlns="http://schemas.microsoft.com/developer/msbuild/2003">
  <ItemGroup>
    <Filter Include="Исходные файлы">
      <UniqueIdentifier>{4FC737F1-C7A5-4376-A066-2A32D752A2FF}</UniqueIdentifier>
      <Extensions>cpp;c;cc;cxx;def;odl;idl;hpj;bat;asm;asmx</Extensions>
    </Filter>
    <Filter Include="Файлы заголовков">
      <UniqueIdentifier>{93995380-89BD-4b04-88EB-625FBE52EBFB}</UniqueIdentifier>
      <Extensions>h;hh;hpp;hxx;hm;inl;inc;xsd</Extensions>
    </Filter>
    <Filter Include="Файлы ресурсов">
      <UniqueIdentifier>{67DA6AB6-F800-4c08-8B7A-83BB121AAD01}</UniqueIdentifier>
      <Extensions>rc;ico;cur;bmp;dlg;rc2;rct;bin;rgs;gif;jpg;jpeg;jpe;resx;tiff;tif;png;wav;mfcribbon-ms</Extensions>
    </Filter>
  </ItemGroup>
  <ItemGroup>
    <ClCompile Include="main.cpp">
      <Filter>Исходные файлы</Filter>
    </ClCompile>
  </ItemGroup>
  <ItemGroup>
    <ClInclude Include="extMath.h">
      <Filter>Исходные файлы</Filter>
    </ClInclude>
    <ClInclude Include="level1.h">
      <Filter>Исходные файлы</Filter>
    </ClInclude>
    <ClInclude Include="body.h">
      <Filter>Исходные файлы</Filter>
    </ClInclude>
    <ClInclude Include="ImageLoader.h">
      <Filter>Исходные файлы</Filter>
    </ClInclude>
    <ClInclude Include="DrawComponent.h">
      <Filter>Исходные файлы</Filter>
    </ClInclude>
    <ClInclude Include="ComponentContainer.h">
      <Filter>Исходные файлы</Filter>
    </ClInclude>
    <ClInclude Include="collider.h">
      <Filter>Исходные файлы</Filter>
    </ClInclude>
    <ClInclude Include="TransformComponent.h">
      <Filter>Исходные файлы</Filter>
    </ClInclude>
    <ClInclude Include="MenuLevle.h">
      <Filter>Исходные файлы</Filter>
    </ClInclude>
    <ClInclude Include="spacecraft.h">
      <Filter>Исходные файлы</Filter>
    </ClInclude>
    <ClInclude Include="particleController.h">
      <Filter>Исходные файлы</Filter>
    </ClInclude>
    <ClInclude Include="view.h">
      <Filter>Исходные файлы</Filter>
    </ClInclude>
    <ClInclude Include="backgroundController.h">
      <Filter>Исходные файлы</Filter>
    </ClInclude>
    <ClInclude Include="Button.h">
      <Filter>Исходные файлы</Filter>
    </ClInclude>
    <ClInclude Include="particleSystem.h">
      <Filter>Исходные файлы</Filter>
    </ClInclude>
    <ClInclude Include="ObjectInstancer.h">
      <Filter>Исходные файлы</Filter>
    </ClInclude>
    <ClInclude Include="spacecraftFiringSystemController.h">
      <Filter>Исходные файлы</Filter>
    </ClInclude>
    <ClInclude Include="UIController.h">
      <Filter>Исходные файлы</Filter>
    </ClInclude>
    <ClInclude Include="window.h">
      <Filter>Исходные файлы</Filter>
    </ClInclude>
    <ClInclude Include="Light.h">
      <Filter>Исходные файлы</Filter>
    </ClInclude>
    <ClInclude Include="Asteroid.h">
      <Filter>Исходные файлы</Filter>
    </ClInclude>
    <ClInclude Include="Explosion.h">
      <Filter>Исходные файлы</Filter>
    </ClInclude>
    <ClInclude Include="PlayerController.h">
      <Filter>Исходные файлы</Filter>
    </ClInclude>
    <ClInclude Include="engineParticleSystemController.h">
      <Filter>Исходные файлы</Filter>
    </ClInclude>
    <ClInclude Include="bullet.h">
      <Filter>Исходные файлы</Filter>
    </ClInclude>
    <ClInclude Include="Weapon.h">
      <Filter>Исходные файлы</Filter>
    </ClInclude>
    <ClInclude Include="AsteroidSpawner.h">
      <Filter>Исходные файлы</Filter>
    </ClInclude>
  </ItemGroup>
</Project>