
Microsoft Visual Studio Solution File, Format Version 12.00
# Visual Studio 15
VisualStudioVersion = 15.0.28307.329
MinimumVisualStudioVersion = 10.0.40219.1
Project("{FAE04EC0-301F-11D3-BF4B-00C04F79EFBC}") = "blogDBApp", "blogDBApp\blogDBApp.csproj", "{4C4F8431-DF9B-4D6C-B470-F7123F94C7A3}"
EndProject
Global
	GlobalSection(SolutionConfigurationPlatforms) = preSolution
		Debug|Any CPU = Debug|Any CPU
		Release|Any CPU = Release|Any CPU
	EndGlobalSection
	GlobalSection(ProjectConfigurationPlatforms) = postSolution
		{4C4F8431-DF9B-4D6C-B470-F7123F94C7A3}.Debug|Any CPU.ActiveCfg = Debug|Any CPU
		{4C4F8431-DF9B-4D6C-B470-F7123F94C7A3}.Debug|Any CPU.Build.0 = Debug|Any CPU
		{4C4F8431-DF9B-4D6C-B470-F7123F94C7A3}.Release|Any CPU.ActiveCfg = Release|Any CPU
		{4C4F8431-DF9B-4D6C-B470-F7123F94C7A3}.Release|Any CPU.Build.0 = Release|Any CPU
	EndGlobalSection
	GlobalSection(SolutionProperties) = preSolution
		HideSolutionNode = FALSE
	EndGlobalSection
	GlobalSection(ExtensibilityGlobals) = postSolution
		SolutionGuid = {CDBCBC71-9DAD-4B64-99DC-7B16D5D46FFF}
	EndGlobalSection
EndGlobal
