
Microsoft Visual Studio Solution File, Format Version 12.00
# Visual Studio Version 17
VisualStudioVersion = 17.0.32014.148
MinimumVisualStudioVersion = 10.0.40219.1
Project("{FAE04EC0-301F-11D3-BF4B-00C04F79EFBC}") = "SalaryApp", "SalaryApp\SalaryApp.csproj", "{B924C05A-D987-420F-9685-D0BB71C26E86}"
EndProject
Global
	GlobalSection(SolutionConfigurationPlatforms) = preSolution
		Debug|Any CPU = Debug|Any CPU
		Release|Any CPU = Release|Any CPU
	EndGlobalSection
	GlobalSection(ProjectConfigurationPlatforms) = postSolution
		{B924C05A-D987-420F-9685-D0BB71C26E86}.Debug|Any CPU.ActiveCfg = Debug|Any CPU
		{B924C05A-D987-420F-9685-D0BB71C26E86}.Debug|Any CPU.Build.0 = Debug|Any CPU
		{B924C05A-D987-420F-9685-D0BB71C26E86}.Release|Any CPU.ActiveCfg = Release|Any CPU
		{B924C05A-D987-420F-9685-D0BB71C26E86}.Release|Any CPU.Build.0 = Release|Any CPU
	EndGlobalSection
	GlobalSection(SolutionProperties) = preSolution
		HideSolutionNode = FALSE
	EndGlobalSection
	GlobalSection(ExtensibilityGlobals) = postSolution
		SolutionGuid = {6B243A38-2DA6-4255-BB0F-9AC1E928D58F}
	EndGlobalSection
EndGlobal
