
Microsoft Visual Studio Solution File, Format Version 12.00
# Visual Studio 15
VisualStudioVersion = 15.0.28307.329
MinimumVisualStudioVersion = 10.0.40219.1
Project("{FAE04EC0-301F-11D3-BF4B-00C04F79EFBC}") = "2048", "2048\2048.csproj", "{814A600E-784A-4089-B9D5-4D58EF5193B6}"
EndProject
Global
	GlobalSection(SolutionConfigurationPlatforms) = preSolution
		Debug|Any CPU = Debug|Any CPU
		Release|Any CPU = Release|Any CPU
	EndGlobalSection
	GlobalSection(ProjectConfigurationPlatforms) = postSolution
		{814A600E-784A-4089-B9D5-4D58EF5193B6}.Debug|Any CPU.ActiveCfg = Debug|Any CPU
		{814A600E-784A-4089-B9D5-4D58EF5193B6}.Debug|Any CPU.Build.0 = Debug|Any CPU
		{814A600E-784A-4089-B9D5-4D58EF5193B6}.Release|Any CPU.ActiveCfg = Release|Any CPU
		{814A600E-784A-4089-B9D5-4D58EF5193B6}.Release|Any CPU.Build.0 = Release|Any CPU
	EndGlobalSection
	GlobalSection(SolutionProperties) = preSolution
		HideSolutionNode = FALSE
	EndGlobalSection
	GlobalSection(ExtensibilityGlobals) = postSolution
		SolutionGuid = {B3D3EDD2-0FB8-470D-BBC2-C66CB9050184}
	EndGlobalSection
EndGlobal
